
Microsoft Visual Studio Solution File, Format Version 12.00
# Visual Studio Version 17
VisualStudioVersion = 17.11.35208.52
MinimumVisualStudioVersion = 10.0.40219.1
Project("{9A19103F-16F7-4668-BE54-9A1E7A4F7556}") = "EcoConecteWeb", "EcoConecteWeb\EcoConecteWeb.csproj", "{833D4859-2E47-406F-AE93-C62EC5D4B330}"
EndProject
Project("{9A19103F-16F7-4668-BE54-9A1E7A4F7556}") = "Core", "Core\Core.csproj", "{AAD2692F-EDFB-4871-93C6-58958BDE00B3}"
EndProject
Project("{9A19103F-16F7-4668-BE54-9A1E7A4F7556}") = "Service", "Service\Service.csproj", "{05640108-1581-4B02-A8DD-B802F99AE714}"
EndProject
Project("{9A19103F-16F7-4668-BE54-9A1E7A4F7556}") = "EcoConecteWebTests", "EcoConecteWebTests\EcoConecteWebTests.csproj", "{524C1341-9182-4440-999A-CA4CB01EF8AE}"
EndProject
Global
	GlobalSection(SolutionConfigurationPlatforms) = preSolution
		Debug|Any CPU = Debug|Any CPU
		Release|Any CPU = Release|Any CPU
	EndGlobalSection
	GlobalSection(ProjectConfigurationPlatforms) = postSolution
		{833D4859-2E47-406F-AE93-C62EC5D4B330}.Debug|Any CPU.ActiveCfg = Debug|Any CPU
		{833D4859-2E47-406F-AE93-C62EC5D4B330}.Debug|Any CPU.Build.0 = Debug|Any CPU
		{833D4859-2E47-406F-AE93-C62EC5D4B330}.Release|Any CPU.ActiveCfg = Release|Any CPU
		{833D4859-2E47-406F-AE93-C62EC5D4B330}.Release|Any CPU.Build.0 = Release|Any CPU
		{AAD2692F-EDFB-4871-93C6-58958BDE00B3}.Debug|Any CPU.ActiveCfg = Debug|Any CPU
		{AAD2692F-EDFB-4871-93C6-58958BDE00B3}.Debug|Any CPU.Build.0 = Debug|Any CPU
		{AAD2692F-EDFB-4871-93C6-58958BDE00B3}.Release|Any CPU.ActiveCfg = Release|Any CPU
		{AAD2692F-EDFB-4871-93C6-58958BDE00B3}.Release|Any CPU.Build.0 = Release|Any CPU
		{05640108-1581-4B02-A8DD-B802F99AE714}.Debug|Any CPU.ActiveCfg = Debug|Any CPU
		{05640108-1581-4B02-A8DD-B802F99AE714}.Debug|Any CPU.Build.0 = Debug|Any CPU
		{05640108-1581-4B02-A8DD-B802F99AE714}.Release|Any CPU.ActiveCfg = Release|Any CPU
		{05640108-1581-4B02-A8DD-B802F99AE714}.Release|Any CPU.Build.0 = Release|Any CPU
		{524C1341-9182-4440-999A-CA4CB01EF8AE}.Debug|Any CPU.ActiveCfg = Debug|Any CPU
		{524C1341-9182-4440-999A-CA4CB01EF8AE}.Debug|Any CPU.Build.0 = Debug|Any CPU
		{524C1341-9182-4440-999A-CA4CB01EF8AE}.Release|Any CPU.ActiveCfg = Release|Any CPU
		{524C1341-9182-4440-999A-CA4CB01EF8AE}.Release|Any CPU.Build.0 = Release|Any CPU
	EndGlobalSection
	GlobalSection(SolutionProperties) = preSolution
		HideSolutionNode = FALSE
	EndGlobalSection
	GlobalSection(ExtensibilityGlobals) = postSolution
		SolutionGuid = {65295D15-9E5C-4DF7-ADC4-3E3D18A4B8DD}
	EndGlobalSection
EndGlobal
